
Microsoft Visual Studio Solution File, Format Version 12.00
# Visual Studio Version 16
VisualStudioVersion = 16.0.31515.178
MinimumVisualStudioVersion = 10.0.40219.1
Project("{FAE04EC0-301F-11D3-BF4B-00C04F79EFBC}") = "DeckOfCards", "DeckOfCards\DeckOfCards.csproj", "{7BC5F241-AD55-4C0B-8397-0C4DE558940C}"
EndProject
Global
	GlobalSection(SolutionConfigurationPlatforms) = preSolution
		Debug|Any CPU = Debug|Any CPU
		Release|Any CPU = Release|Any CPU
	EndGlobalSection
	GlobalSection(ProjectConfigurationPlatforms) = postSolution
		{7BC5F241-AD55-4C0B-8397-0C4DE558940C}.Debug|Any CPU.ActiveCfg = Debug|Any CPU
		{7BC5F241-AD55-4C0B-8397-0C4DE558940C}.Debug|Any CPU.Build.0 = Debug|Any CPU
		{7BC5F241-AD55-4C0B-8397-0C4DE558940C}.Release|Any CPU.ActiveCfg = Release|Any CPU
		{7BC5F241-AD55-4C0B-8397-0C4DE558940C}.Release|Any CPU.Build.0 = Release|Any CPU
	EndGlobalSection
	GlobalSection(SolutionProperties) = preSolution
		HideSolutionNode = FALSE
	EndGlobalSection
	GlobalSection(ExtensibilityGlobals) = postSolution
		SolutionGuid = {E8431843-9D66-4D99-9864-49DECC84A29B}
	EndGlobalSection
EndGlobal
